
Microsoft Visual Studio Solution File, Format Version 12.00
# Visual Studio Version 16
VisualStudioVersion = 16.0.29102.190
MinimumVisualStudioVersion = 10.0.40219.1
Project("{FAE04EC0-301F-11D3-BF4B-00C04F79EFBC}") = "VU", "VU\VU.csproj", "{64EE8726-BB33-4C48-9B7A-4DF4F9BCD39B}"
EndProject
Global
	GlobalSection(SolutionConfigurationPlatforms) = preSolution
		Debug|Any CPU = Debug|Any CPU
		Release|Any CPU = Release|Any CPU
	EndGlobalSection
	GlobalSection(ProjectConfigurationPlatforms) = postSolution
		{64EE8726-BB33-4C48-9B7A-4DF4F9BCD39B}.Debug|Any CPU.ActiveCfg = Debug|Any CPU
		{64EE8726-BB33-4C48-9B7A-4DF4F9BCD39B}.Debug|Any CPU.Build.0 = Debug|Any CPU
		{64EE8726-BB33-4C48-9B7A-4DF4F9BCD39B}.Release|Any CPU.ActiveCfg = Release|Any CPU
		{64EE8726-BB33-4C48-9B7A-4DF4F9BCD39B}.Release|Any CPU.Build.0 = Release|Any CPU
	EndGlobalSection
	GlobalSection(SolutionProperties) = preSolution
		HideSolutionNode = FALSE
	EndGlobalSection
	GlobalSection(ExtensibilityGlobals) = postSolution
		SolutionGuid = {BB156AEC-26D2-417D-A784-7ECF86838825}
	EndGlobalSection
EndGlobal
